// !$*UTF8*$!
{
	archiveVersion = 1;
	classes = {
	};
	objectVersion = 46;
	objects = {

/* Begin PBXBuildFile section */
		A5EDF0721E97DCE300E07968 /* main.m in Sources */ = {isa = PBXBuildFile; fileRef = A5EDF0711E97DCE300E07968 /* main.m */; };
		A5EDF0751E97DCE300E07968 /* AppDelegate.m in Sources */ = {isa = PBXBuildFile; fileRef = A5EDF0741E97DCE300E07968 /* AppDelegate.m */; };
		A5EDF0781E97DCE300E07968 /* ViewController.m in Sources */ = {isa = PBXBuildFile; fileRef = A5EDF0771E97DCE300E07968 /* ViewController.m */; };
		A5EDF07B1E97DCE300E07968 /* Main.storyboard in Resources */ = {isa = PBXBuildFile; fileRef = A5EDF0791E97DCE300E07968 /* Main.storyboard */; };
		A5EDF07D1E97DCE300E07968 /* Assets.xcassets in Resources */ = {isa = PBXBuildFile; fileRef = A5EDF07C1E97DCE300E07968 /* Assets.xcassets */; };
		A5EDF0801E97DCE300E07968 /* LaunchScreen.storyboard in Resources */ = {isa = PBXBuildFile; fileRef = A5EDF07E1E97DCE300E07968 /* LaunchScreen.storyboard */; };
		A5EDF0891E97E84500E07968 /* UserTableViewCell.m in Sources */ = {isa = PBXBuildFile; fileRef = A5EDF0881E97E84500E07968 /* UserTableViewCell.m */; };
		C54A97951E99E22D0008F863 /* ActorClass.m in Sources */ = {isa = PBXBuildFile; fileRef = C54A97941E99E22D0008F863 /* ActorClass.m */; };
/* End PBXBuildFile section */

/* Begin PBXFileReference section */
		A5EDF06D1E97DCE300E07968 /* JSONXMLParse.app */ = {isa = PBXFileReference; explicitFileType = wrapper.application; includeInIndex = 0; path = JSONXMLParse.app; sourceTree = BUILT_PRODUCTS_DIR; };
		A5EDF0711E97DCE300E07968 /* main.m */ = {isa = PBXFileReference; lastKnownFileType = sourcecode.c.objc; path = main.m; sourceTree = "<group>"; };
		A5EDF0731E97DCE300E07968 /* AppDelegate.h */ = {isa = PBXFileReference; lastKnownFileType = sourcecode.c.h; path = AppDelegate.h; sourceTree = "<group>"; };
		A5EDF0741E97DCE300E07968 /* AppDelegate.m */ = {isa = PBXFileReference; lastKnownFileType = sourcecode.c.objc; path = AppDelegate.m; sourceTree = "<group>"; };
		A5EDF0761E97DCE300E07968 /* ViewController.h */ = {isa = PBXFileReference; lastKnownFileType = sourcecode.c.h; path = ViewController.h; sourceTree = "<group>"; };
		A5EDF0771E97DCE300E07968 /* ViewController.m */ = {isa = PBXFileReference; lastKnownFileType = sourcecode.c.objc; path = ViewController.m; sourceTree = "<group>"; };
		A5EDF07A1E97DCE300E07968 /* Base */ = {isa = PBXFileReference; lastKnownFileType = file.storyboard; name = Base; path = Base.lproj/Main.storyboard; sourceTree = "<group>"; };
		A5EDF07C1E97DCE300E07968 /* Assets.xcassets */ = {isa = PBXFileReference; lastKnownFileType = folder.assetcatalog; path = Assets.xcassets; sourceTree = "<group>"; };
		A5EDF07F1E97DCE300E07968 /* Base */ = {isa = PBXFileReference; lastKnownFileType = file.storyboard; name = Base; path = Base.lproj/LaunchScreen.storyboard; sourceTree = "<group>"; };
		A5EDF0811E97DCE300E07968 /* Info.plist */ = {isa = PBXFileReference; lastKnownFileType = text.plist.xml; path = Info.plist; sourceTree = "<group>"; };
		A5EDF0871E97E84500E07968 /* UserTableViewCell.h */ = {isa = PBXFileReference; fileEncoding = 4; lastKnownFileType = sourcecode.c.h; path = UserTableViewCell.h; sourceTree = "<group>"; };
		A5EDF0881E97E84500E07968 /* UserTableViewCell.m */ = {isa = PBXFileReference; fileEncoding = 4; lastKnownFileType = sourcecode.c.objc; path = UserTableViewCell.m; sourceTree = "<group>"; };
		C54A97931E99E22D0008F863 /* ActorClass.h */ = {isa = PBXFileReference; fileEncoding = 4; lastKnownFileType = sourcecode.c.h; path = ActorClass.h; sourceTree = "<group>"; };
		C54A97941E99E22D0008F863 /* ActorClass.m */ = {isa = PBXFileReference; fileEncoding = 4; lastKnownFileType = sourcecode.c.objc; path = ActorClass.m; sourceTree = "<group>"; };
/* End PBXFileReference section */

/* Begin PBXFrameworksBuildPhase section */
		A5EDF06A1E97DCE300E07968 /* Frameworks */ = {
			isa = PBXFrameworksBuildPhase;
			buildActionMask = 2147483647;
			files = (
			);
			runOnlyForDeploymentPostprocessing = 0;
		};
/* End PBXFrameworksBuildPhase section */

/* Begin PBXGroup section */
		A5EDF0641E97DCE300E07968 = {
			isa = PBXGroup;
			children = (
				A5EDF06F1E97DCE300E07968 /* JSONXMLParse */,
				A5EDF06E1E97DCE300E07968 /* Products */,
			);
			sourceTree = "<group>";
		};
		A5EDF06E1E97DCE300E07968 /* Products */ = {
			isa = PBXGroup;
			children = (
				A5EDF06D1E97DCE300E07968 /* JSONXMLParse.app */,
			);
			name = Products;
			sourceTree = "<group>";
		};
		A5EDF06F1E97DCE300E07968 /* JSONXMLParse */ = {
			isa = PBXGroup;
			children = (
				A5EDF0731E97DCE300E07968 /* AppDelegate.h */,
				A5EDF0741E97DCE300E07968 /* AppDelegate.m */,
				A5EDF0761E97DCE300E07968 /* ViewController.h */,
				A5EDF0771E97DCE300E07968 /* ViewController.m */,
				C54A97931E99E22D0008F863 /* ActorClass.h */,
				C54A97941E99E22D0008F863 /* ActorClass.m */,
				A5EDF0871E97E84500E07968 /* UserTableViewCell.h */,
				A5EDF0881E97E84500E07968 /* UserTableViewCell.m */,
				A5EDF0791E97DCE300E07968 /* Main.storyboard */,
				A5EDF07C1E97DCE300E07968 /* Assets.xcassets */,
				A5EDF07E1E97DCE300E07968 /* LaunchScreen.storyboard */,
				A5EDF0811E97DCE300E07968 /* Info.plist */,
				A5EDF0701E97DCE300E07968 /* Supporting Files */,
			);
			path = JSONXMLParse;
			sourceTree = "<group>";
		};
		A5EDF0701E97DCE300E07968 /* Supporting Files */ = {
			isa = PBXGroup;
			children = (
				A5EDF0711E97DCE300E07968 /* main.m */,
			);
			name = "Supporting Files";
			sourceTree = "<group>";
		};
/* End PBXGroup section */

/* Begin PBXNativeTarget section */
		A5EDF06C1E97DCE300E07968 /* JSONXMLParse */ = {
			isa = PBXNativeTarget;
			buildConfigurationList = A5EDF0841E97DCE300E07968 /* Build configuration list for PBXNativeTarget "JSONXMLParse" */;
			buildPhases = (
				A5EDF0691E97DCE300E07968 /* Sources */,
				A5EDF06A1E97DCE300E07968 /* Frameworks */,
				A5EDF06B1E97DCE300E07968 /* Resources */,
			);
			buildRules = (
			);
			dependencies = (
			);
			name = JSONXMLParse;
			productName = JSONXMLParse;
			productReference = A5EDF06D1E97DCE300E07968 /* JSONXMLParse.app */;
			productType = "com.apple.product-type.application";
		};
/* End PBXNativeTarget section */

/* Begin PBXProject section */
		A5EDF0651E97DCE300E07968 /* Project object */ = {
			isa = PBXProject;
			attributes = {
				LastUpgradeCheck = 0820;
				ORGANIZATIONNAME = RJTCOMPUQUEST;
				TargetAttributes = {
					A5EDF06C1E97DCE300E07968 = {
						CreatedOnToolsVersion = 8.2.1;
						ProvisioningStyle = Automatic;
					};
				};
			};
			buildConfigurationList = A5EDF0681E97DCE300E07968 /* Build configuration list for PBXProject "JSONXMLParse" */;
			compatibilityVersion = "Xcode 3.2";
			developmentRegion = English;
			hasScannedForEncodings = 0;
			knownRegions = (
				en,
				Base,
			);
			mainGroup = A5EDF0641E97DCE300E07968;
			productRefGroup = A5EDF06E1E97DCE300E07968 /* Products */;
			projectDirPath = "";
			projectRoot = "";
			targets = (
				A5EDF06C1E97DCE300E07968 /* JSONXMLParse */,
			);
		};
/* End PBXProject section */

/* Begin PBXResourcesBuildPhase section */
		A5EDF06B1E97DCE300E07968 /* Resources */ = {
			isa = PBXResourcesBuildPhase;
			buildActionMask = 2147483647;
			files = (
				A5EDF0801E97DCE300E07968 /* LaunchScreen.storyboard in Resources */,
				A5EDF07D1E97DCE300E07968 /* Assets.xcassets in Resources */,
				A5EDF07B1E97DCE300E07968 /* Main.storyboard in Resources */,
			);
			runOnlyForDeploymentPostprocessing = 0;
		};
/* End PBXResourcesBuildPhase section */

/* Begin PBXSourcesBuildPhase section */
		A5EDF0691E97DCE300E07968 /* Sources */ = {
			isa = PBXSourcesBuildPhase;
			buildActionMask = 2147483647;
			files = (
				A5EDF0891E97E84500E07968 /* UserTableViewCell.m in Sources */,
				A5EDF0781E97DCE300E07968 /* ViewController.m in Sources */,
				A5EDF0751E97DCE300E07968 /* AppDelegate.m in Sources */,
				A5EDF0721E97DCE300E07968 /* main.m in Sources */,
				C54A97951E99E22D0008F863 /* ActorClass.m in Sources */,
			);
			runOnlyForDeploymentPostprocessing = 0;
		};
/* End PBXSourcesBuildPhase section */

/* Begin PBXVariantGroup section */
		A5EDF0791E97DCE300E07968 /* Main.storyboard */ = {
			isa = PBXVariantGroup;
			children = (
				A5EDF07A1E97DCE300E07968 /* Base */,
			);
			name = Main.storyboard;
			sourceTree = "<group>";
		};
		A5EDF07E1E97DCE300E07968 /* LaunchScreen.storyboard */ = {
			isa = PBXVariantGroup;
			children = (
				A5EDF07F1E97DCE300E07968 /* Base */,
			);
			name = LaunchScreen.storyboard;
			sourceTree = "<group>";
		};
/* End PBXVariantGroup section */

/* Begin XCBuildConfiguration section */
		A5EDF0821E97DCE300E07968 /* Debug */ = {
			isa = XCBuildConfiguration;
			buildSettings = {
				ALWAYS_SEARCH_USER_PATHS = NO;
				CLANG_ANALYZER_NONNULL = YES;
				CLANG_CXX_LANGUAGE_STANDARD = "gnu++0x";
				CLANG_CXX_LIBRARY = "libc++";
				CLANG_ENABLE_MODULES = YES;
				CLANG_ENABLE_OBJC_ARC = YES;
				CLANG_WARN_BOOL_CONVERSION = YES;
				CLANG_WARN_CONSTANT_CONVERSION = YES;
				CLANG_WARN_DIRECT_OBJC_ISA_USAGE = YES_ERROR;
				CLANG_WARN_DOCUMENTATION_COMMENTS = YES;
				CLANG_WARN_EMPTY_BODY = YES;
				CLANG_WARN_ENUM_CONVERSION = YES;
				CLANG_WARN_INFINITE_RECURSION = YES;
				CLANG_WARN_INT_CONVERSION = YES;
				CLANG_WARN_OBJC_ROOT_CLASS = YES_ERROR;
				CLANG_WARN_SUSPICIOUS_MOVE = YES;
				CLANG_WARN_UNREACHABLE_CODE = YES;
				CLANG_WARN__DUPLICATE_METHOD_MATCH = YES;
				"CODE_SIGN_IDENTITY[sdk=iphoneos*]" = "iPhone Developer";
				COPY_PHASE_STRIP = NO;
				DEBUG_INFORMATION_FORMAT = dwarf;
				ENABLE_STRICT_OBJC_MSGSEND = YES;
				ENABLE_TESTABILITY = YES;
				GCC_C_LANGUAGE_STANDARD = gnu99;
				GCC_DYNAMIC_NO_PIC = NO;
				GCC_NO_COMMON_BLOCKS = YES;
				GCC_OPTIMIZATION_LEVEL = 0;
				GCC_PREPROCESSOR_DEFINITIONS = (
					"DEBUG=1",
					"$(inherited)",
				);
				GCC_WARN_64_TO_32_BIT_CONVERSION = YES;
				GCC_WARN_ABOUT_RETURN_TYPE = YES_ERROR;
				GCC_WARN_UNDECLARED_SELECTOR = YES;
				GCC_WARN_UNINITIALIZED_AUTOS = YES_AGGRESSIVE;
				GCC_WARN_UNUSED_FUNCTION = YES;
				GCC_WARN_UNUSED_VARIABLE = YES;
				IPHONEOS_DEPLOYMENT_TARGET = 10.2;
				MTL_ENABLE_DEBUG_INFO = YES;
				ONLY_ACTIVE_ARCH = YES;
				SDKROOT = iphoneos;
			};
			name = Debug;
		};
		A5EDF0831E97DCE300E07968 /* Release */ = {
			isa = XCBuildConfiguration;
			buildSettings = {
				ALWAYS_SEARCH_USER_PATHS = NO;
				CLANG_ANALYZER_NONNULL = YES;
				CLANG_CXX_LANGUAGE_STANDARD = "gnu++0x";
				CLANG_CXX_LIBRARY = "libc++";
				CLANG_ENABLE_MODULES = YES;
				CLANG_ENABLE_OBJC_ARC = YES;
				CLANG_WARN_BOOL_CONVERSION = YES;
				CLANG_WARN_CONSTANT_CONVERSION = YES;
				CLANG_WARN_DIRECT_OBJC_ISA_USAGE = YES_ERROR;
				CLANG_WARN_DOCUMENTATION_COMMENTS = YES;
				CLANG_WARN_EMPTY_BODY = YES;
				CLANG_WARN_ENUM_CONVERSION = YES;
				CLANG_WARN_INFINITE_RECURSION = YES;
				CLANG_WARN_INT_CONVERSION = YES;
				CLANG_WARN_OBJC_ROOT_CLASS = YES_ERROR;
				CLANG_WARN_SUSPICIOUS_MOVE = YES;
				CLANG_WARN_UNREACHABLE_CODE = YES;
				CLANG_WARN__DUPLICATE_METHOD_MATCH = YES;
				"CODE_SIGN_IDENTITY[sdk=iphoneos*]" = "iPhone Developer";
				COPY_PHASE_STRIP = NO;
				DEBUG_INFORMATION_FORMAT = "dwarf-with-dsym";
				ENABLE_NS_ASSERTIONS = NO;
				ENABLE_STRICT_OBJC_MSGSEND = YES;
				GCC_C_LANGUAGE_STANDARD = gnu99;
				GCC_NO_COMMON_BLOCKS = YES;
				GCC_WARN_64_TO_32_BIT_CONVERSION = YES;
				GCC_WARN_ABOUT_RETURN_TYPE = YES_ERROR;
				GCC_WARN_UNDECLARED_SELECTOR = YES;
				GCC_WARN_UNINITIALIZED_AUTOS = YES_AGGRESSIVE;
				GCC_WARN_UNUSED_FUNCTION = YES;
				GCC_WARN_UNUSED_VARIABLE = YES;
				IPHONEOS_DEPLOYMENT_TARGET = 10.2;
				MTL_ENABLE_DEBUG_INFO = NO;
				SDKROOT = iphoneos;
				VALIDATE_PRODUCT = YES;
			};
			name = Release;
		};
		A5EDF0851E97DCE300E07968 /* Debug */ = {
			isa = XCBuildConfiguration;
			buildSettings = {
				ASSETCATALOG_COMPILER_APPICON_NAME = AppIcon;
				INFOPLIST_FILE = JSONXMLParse/Info.plist;
				LD_RUNPATH_SEARCH_PATHS = "$(inherited) @executable_path/Frameworks";
				PRODUCT_BUNDLE_IDENTIFIER = com.RJTCOMPUQUEST.JSONXMLParse;
				PRODUCT_NAME = "$(TARGET_NAME)";
			};
			name = Debug;
		};
		A5EDF0861E97DCE300E07968 /* Release */ = {
			isa = XCBuildConfiguration;
			buildSettings = {
				ASSETCATALOG_COMPILER_APPICON_NAME = AppIcon;
				INFOPLIST_FILE = JSONXMLParse/Info.plist;
				LD_RUNPATH_SEARCH_PATHS = "$(inherited) @executable_path/Frameworks";
				PRODUCT_BUNDLE_IDENTIFIER = com.RJTCOMPUQUEST.JSONXMLParse;
				PRODUCT_NAME = "$(TARGET_NAME)";
			};
			name = Release;
		};
/* End XCBuildConfiguration section */

/* Begin XCConfigurationList section */
		A5EDF0681E97DCE300E07968 /* Build configuration list for PBXProject "JSONXMLParse" */ = {
			isa = XCConfigurationList;
			buildConfigurations = (
				A5EDF0821E97DCE300E07968 /* Debug */,
				A5EDF0831E97DCE300E07968 /* Release */,
			);
			defaultConfigurationIsVisible = 0;
			defaultConfigurationName = Release;
		};
		A5EDF0841E97DCE300E07968 /* Build configuration list for PBXNativeTarget "JSONXMLParse" */ = {
			isa = XCConfigurationList;
			buildConfigurations = (
				A5EDF0851E97DCE300E07968 /* Debug */,
				A5EDF0861E97DCE300E07968 /* Release */,
			);
			defaultConfigurationIsVisible = 0;
			defaultConfigurationName = Release;
		};
/* End XCConfigurationList section */
	};
	rootObject = A5EDF0651E97DCE300E07968 /* Project object */;
}
